PODS:
  - AFNetworking (1.3.1)
  - FMDB (2.1):
    - FMDB/standard
  - FMDB/common (2.1)
  - FMDB/standard (2.1):
    - FMDB/common
  - KeychainItemWrapper (1.2)
  - NSData+Base64 (1.0.0)
  - SSZipArchive (0.2.5)

DEPENDENCIES:
  - AFNetworking (= 1.3.1)
  - FMDB
  - KeychainItemWrapper
  - NSData+Base64
  - SSZipArchive

SPEC CHECKSUMS:
  AFNetworking: 9ec8aafb9269236a7630bd8d9838ce2ba30fa2a0
  FMDB: 66010e9b750838dea71748df591fc118598f21c7
  KeychainItemWrapper: f537d5bec950b2ab815c80cef9bf4e30a1084dc8
  NSData+Base64: 36c4e5b6479259c1a68866ccd2a8dd385c9744f7
  SSZipArchive: a83d709af4df0b30667a08dc458d8cfc4d3a2cb8

COCOAPODS: 0.22.2
